
Microsoft Visual Studio Solution File, Format Version 12.00
# Visual Studio Version 16
VisualStudioVersion = 16.0.31515.178
MinimumVisualStudioVersion = 10.0.40219.1
Project("{FAE04EC0-301F-11D3-BF4B-00C04F79EFBC}") = "SudokuSolver", "SudokuSolver\SudokuSolver.csproj", "{CD464FB3-8349-4437-8D6A-07105F8F4E5E}"
EndProject
Global
	GlobalSection(SolutionConfigurationPlatforms) = preSolution
		Debug|Any CPU = Debug|Any CPU
		Release|Any CPU = Release|Any CPU
	EndGlobalSection
	GlobalSection(ProjectConfigurationPlatforms) = postSolution
		{CD464FB3-8349-4437-8D6A-07105F8F4E5E}.Debug|Any CPU.ActiveCfg = Debug|Any CPU
		{CD464FB3-8349-4437-8D6A-07105F8F4E5E}.Debug|Any CPU.Build.0 = Debug|Any CPU
		{CD464FB3-8349-4437-8D6A-07105F8F4E5E}.Release|Any CPU.ActiveCfg = Release|Any CPU
		{CD464FB3-8349-4437-8D6A-07105F8F4E5E}.Release|Any CPU.Build.0 = Release|Any CPU
	EndGlobalSection
	GlobalSection(SolutionProperties) = preSolution
		HideSolutionNode = FALSE
	EndGlobalSection
	GlobalSection(ExtensibilityGlobals) = postSolution
		SolutionGuid = {4CC69267-838B-4C1D-BD09-13DFBE0DD82F}
	EndGlobalSection
EndGlobal
